// !$*UTF8*$!
{
	archiveVersion = 1;
	classes = {
	};
	objectVersion = 77;
	objects = {

/* Begin PBXBuildFile section */
		01B8EB4DB03B21A8C48DDE28 /* DataDonorApp.swift in Sources */ = {isa = PBXBuildFile; fileRef = F9198FDC42B25ACCE2CD5E18 /* DataDonorApp.swift */; };
		27946C1DB9AB0B761B421FFF /* DashboardView.swift in Sources */ = {isa = PBXBuildFile; fileRef = 41C75D75B020EABE31D365A1 /* DashboardView.swift */; };
		337EB1F43C526BA3EAC46601 /* LogViewer.swift in Sources */ = {isa = PBXBuildFile; fileRef = AB5214F6C8D7802B7C6AE774 /* LogViewer.swift */; };
		359D2E5A6ADFDFA64193D5E8 /* SettingsView.swift in Sources */ = {isa = PBXBuildFile; fileRef = 7443C994A99D979FE01BD8AD /* SettingsView.swift */; };
		3FE5E493BD7E9B0C8160E7F8 /* ServerDiscoveryManager.swift in Sources */ = {isa = PBXBuildFile; fileRef = 3DEC85DD5033F486CA48B51E /* ServerDiscoveryManager.swift */; };
		52875443D6173D124363A3F2 /* BackgroundSyncManager.swift in Sources */ = {isa = PBXBuildFile; fileRef = 44CCF4B8A6F12FBD9CEB89A7 /* BackgroundSyncManager.swift */; };
		5BF198D188BE31C16AC20C1B /* AppDelegate.swift in Sources */ = {isa = PBXBuildFile; fileRef = 066CF1E26C45529B622C2102 /* AppDelegate.swift */; };
		807618975E0B37A859F631F6 /* ContentView.swift in Sources */ = {isa = PBXBuildFile; fileRef = DA0502AA9B461C6FB7570609 /* ContentView.swift */; };
		8A17547229C35C18E008CA3F /* HealthStoreManager.swift in Sources */ = {isa = PBXBuildFile; fileRef = 4ACD28D0D80DD95A19E0A3DD /* HealthStoreManager.swift */; };
		9DBDDD0A4BA024F7EB218507 /* SyncEngine.swift in Sources */ = {isa = PBXBuildFile; fileRef = B5A65ED0883FB0D15D811CB1 /* SyncEngine.swift */; };
		B7F0DB00B82B875BC95F4A74 /* HealthQueryManager.swift in Sources */ = {isa = PBXBuildFile; fileRef = DDC2BE44061E01864982FC3E /* HealthQueryManager.swift */; };
		CBFADF0A2575755766133D24 /* Assets.xcassets in Resources */ = {isa = PBXBuildFile; fileRef = EEDABAD12BF5B43F630B560A /* Assets.xcassets */; };
		DC18FB43A4574BBF3EE79E0C /* HealthDataPayload.swift in Sources */ = {isa = PBXBuildFile; fileRef = 43AA60B52B0FE33DA4F10BEE /* HealthDataPayload.swift */; };
		F0228F882331253AC6191A19 /* DataDonorLogger.swift in Sources */ = {isa = PBXBuildFile; fileRef = B871FF1D06DC360984B8B117 /* DataDonorLogger.swift */; };
		F3C2BB7BAAC6F69B8530607E /* NotificationManager.swift in Sources */ = {isa = PBXBuildFile; fileRef = 888D8220FCE0DF54E65F5D58 /* NotificationManager.swift */; };
		F74C93FAC4FB849646D52458 /* NetworkMonitor.swift in Sources */ = {isa = PBXBuildFile; fileRef = D3CD2AC04AC6DF5A5CADC915 /* NetworkMonitor.swift */; };
/* End PBXBuildFile section */

/* Begin PBXFileReference section */
		066CF1E26C45529B622C2102 /* AppDelegate.swift */ = {isa = PBXFileReference; lastKnownFileType = sourcecode.swift; path = AppDelegate.swift; sourceTree = "<group>"; };
		3DEC85DD5033F486CA48B51E /* ServerDiscoveryManager.swift */ = {isa = PBXFileReference; lastKnownFileType = sourcecode.swift; path = ServerDiscoveryManager.swift; sourceTree = "<group>"; };
		41C75D75B020EABE31D365A1 /* DashboardView.swift */ = {isa = PBXFileReference; lastKnownFileType = sourcecode.swift; path = DashboardView.swift; sourceTree = "<group>"; };
		43AA60B52B0FE33DA4F10BEE /* HealthDataPayload.swift */ = {isa = PBXFileReference; lastKnownFileType = sourcecode.swift; path = HealthDataPayload.swift; sourceTree = "<group>"; };
		44CCF4B8A6F12FBD9CEB89A7 /* BackgroundSyncManager.swift */ = {isa = PBXFileReference; lastKnownFileType = sourcecode.swift; path = BackgroundSyncManager.swift; sourceTree = "<group>"; };
		4ACD28D0D80DD95A19E0A3DD /* HealthStoreManager.swift */ = {isa = PBXFileReference; lastKnownFileType = sourcecode.swift; path = HealthStoreManager.swift; sourceTree = "<group>"; };
		7443C994A99D979FE01BD8AD /* SettingsView.swift */ = {isa = PBXFileReference; lastKnownFileType = sourcecode.swift; path = SettingsView.swift; sourceTree = "<group>"; };
		888D8220FCE0DF54E65F5D58 /* NotificationManager.swift */ = {isa = PBXFileReference; lastKnownFileType = sourcecode.swift; path = NotificationManager.swift; sourceTree = "<group>"; };
		8890EB4CCFD0D6FA7698C180 /* DataDonor.app */ = {isa = PBXFileReference; includeInIndex = 0; lastKnownFileType = wrapper.application; path = DataDonor.app; sourceTree = BUILT_PRODUCTS_DIR; };
		AB5214F6C8D7802B7C6AE774 /* LogViewer.swift */ = {isa = PBXFileReference; lastKnownFileType = sourcecode.swift; path = LogViewer.swift; sourceTree = "<group>"; };
		B5A65ED0883FB0D15D811CB1 /* SyncEngine.swift */ = {isa = PBXFileReference; lastKnownFileType = sourcecode.swift; path = SyncEngine.swift; sourceTree = "<group>"; };
		B871FF1D06DC360984B8B117 /* DataDonorLogger.swift */ = {isa = PBXFileReference; lastKnownFileType = sourcecode.swift; path = DataDonorLogger.swift; sourceTree = "<group>"; };
		D3CD2AC04AC6DF5A5CADC915 /* NetworkMonitor.swift */ = {isa = PBXFileReference; lastKnownFileType = sourcecode.swift; path = NetworkMonitor.swift; sourceTree = "<group>"; };
		DA0502AA9B461C6FB7570609 /* ContentView.swift */ = {isa = PBXFileReference; lastKnownFileType = sourcecode.swift; path = ContentView.swift; sourceTree = "<group>"; };
		DDC2BE44061E01864982FC3E /* HealthQueryManager.swift */ = {isa = PBXFileReference; lastKnownFileType = sourcecode.swift; path = HealthQueryManager.swift; sourceTree = "<group>"; };
		EEDABAD12BF5B43F630B560A /* Assets.xcassets */ = {isa = PBXFileReference; lastKnownFileType = folder.assetcatalog; path = Assets.xcassets; sourceTree = "<group>"; };
		F9198FDC42B25ACCE2CD5E18 /* DataDonorApp.swift */ = {isa = PBXFileReference; lastKnownFileType = sourcecode.swift; path = DataDonorApp.swift; sourceTree = "<group>"; };
/* End PBXFileReference section */

/* Begin PBXGroup section */
		0CAC18F2757541469B15FF2C /* Products */ = {
			isa = PBXGroup;
			children = (
				8890EB4CCFD0D6FA7698C180 /* DataDonor.app */,
			);
			name = Products;
			sourceTree = "<group>";
		};
		18D4B76C4F1CE91357ACC02B /* Views */ = {
			isa = PBXGroup;
			children = (
				41C75D75B020EABE31D365A1 /* DashboardView.swift */,
				AB5214F6C8D7802B7C6AE774 /* LogViewer.swift */,
				7443C994A99D979FE01BD8AD /* SettingsView.swift */,
			);
			path = Views;
			sourceTree = "<group>";
		};
		8F0F7ADB27A759B33C1F49F2 /* Sources */ = {
			isa = PBXGroup;
			children = (
				066CF1E26C45529B622C2102 /* AppDelegate.swift */,
				EEDABAD12BF5B43F630B560A /* Assets.xcassets */,
				DA0502AA9B461C6FB7570609 /* ContentView.swift */,
				F9198FDC42B25ACCE2CD5E18 /* DataDonorApp.swift */,
				95235B7A9539C283E4BA03D9 /* Managers */,
				C980BAC616D9FA30233BB3D9 /* Models */,
				18D4B76C4F1CE91357ACC02B /* Views */,
			);
			path = Sources;
			sourceTree = "<group>";
		};
		95235B7A9539C283E4BA03D9 /* Managers */ = {
			isa = PBXGroup;
			children = (
				44CCF4B8A6F12FBD9CEB89A7 /* BackgroundSyncManager.swift */,
				B871FF1D06DC360984B8B117 /* DataDonorLogger.swift */,
				DDC2BE44061E01864982FC3E /* HealthQueryManager.swift */,
				4ACD28D0D80DD95A19E0A3DD /* HealthStoreManager.swift */,
				D3CD2AC04AC6DF5A5CADC915 /* NetworkMonitor.swift */,
				888D8220FCE0DF54E65F5D58 /* NotificationManager.swift */,
				3DEC85DD5033F486CA48B51E /* ServerDiscoveryManager.swift */,
				B5A65ED0883FB0D15D811CB1 /* SyncEngine.swift */,
			);
			path = Managers;
			sourceTree = "<group>";
		};
		C980BAC616D9FA30233BB3D9 /* Models */ = {
			isa = PBXGroup;
			children = (
				43AA60B52B0FE33DA4F10BEE /* HealthDataPayload.swift */,
			);
			path = Models;
			sourceTree = "<group>";
		};
		F4CC18334FC78BC359D5B5CF = {
			isa = PBXGroup;
			children = (
				8F0F7ADB27A759B33C1F49F2 /* Sources */,
				0CAC18F2757541469B15FF2C /* Products */,
			);
			sourceTree = "<group>";
		};
/* End PBXGroup section */

/* Begin PBXNativeTarget section */
		BC76B60E5DCC08F5E7344989 /* DataDonor */ = {
			isa = PBXNativeTarget;
			buildConfigurationList = D4D502DE67C703ECC3CA9408 /* Build configuration list for PBXNativeTarget "DataDonor" */;
			buildPhases = (
				D24C153261409EA518F2949D /* Sources */,
				4A410CEA96EA60684A8AA607 /* Resources */,
			);
			buildRules = (
			);
			dependencies = (
			);
			name = DataDonor;
			packageProductDependencies = (
			);
			productName = DataDonor;
			productReference = 8890EB4CCFD0D6FA7698C180 /* DataDonor.app */;
			productType = "com.apple.product-type.application";
		};
/* End PBXNativeTarget section */

/* Begin PBXProject section */
		BECACFD0E0DD83A149CCAFFB /* Project object */ = {
			isa = PBXProject;
			attributes = {
				BuildIndependentTargetsInParallel = YES;
				LastUpgradeCheck = 1430;
				TargetAttributes = {
					BC76B60E5DCC08F5E7344989 = {
						DevelopmentTeam = RUD2L7H988;
					};
				};
			};
			buildConfigurationList = 611A50F095EC4175C3DD74EB /* Build configuration list for PBXProject "DataDonor" */;
			developmentRegion = en;
			hasScannedForEncodings = 0;
			knownRegions = (
				Base,
				en,
			);
			mainGroup = F4CC18334FC78BC359D5B5CF;
			minimizedProjectReferenceProxies = 1;
			preferredProjectObjectVersion = 77;
			productRefGroup = 0CAC18F2757541469B15FF2C /* Products */;
			projectDirPath = "";
			projectRoot = "";
			targets = (
				BC76B60E5DCC08F5E7344989 /* DataDonor */,
			);
		};
/* End PBXProject section */

/* Begin PBXResourcesBuildPhase section */
		4A410CEA96EA60684A8AA607 /* Resources */ = {
			isa = PBXResourcesBuildPhase;
			buildActionMask = 2147483647;
			files = (
				CBFADF0A2575755766133D24 /* Assets.xcassets in Resources */,
			);
			runOnlyForDeploymentPostprocessing = 0;
		};
/* End PBXResourcesBuildPhase section */

/* Begin PBXSourcesBuildPhase section */
		D24C153261409EA518F2949D /* Sources */ = {
			isa = PBXSourcesBuildPhase;
			buildActionMask = 2147483647;
			files = (
				5BF198D188BE31C16AC20C1B /* AppDelegate.swift in Sources */,
				52875443D6173D124363A3F2 /* BackgroundSyncManager.swift in Sources */,
				807618975E0B37A859F631F6 /* ContentView.swift in Sources */,
				27946C1DB9AB0B761B421FFF /* DashboardView.swift in Sources */,
				01B8EB4DB03B21A8C48DDE28 /* DataDonorApp.swift in Sources */,
				F0228F882331253AC6191A19 /* DataDonorLogger.swift in Sources */,
				DC18FB43A4574BBF3EE79E0C /* HealthDataPayload.swift in Sources */,
				B7F0DB00B82B875BC95F4A74 /* HealthQueryManager.swift in Sources */,
				8A17547229C35C18E008CA3F /* HealthStoreManager.swift in Sources */,
				337EB1F43C526BA3EAC46601 /* LogViewer.swift in Sources */,
				F74C93FAC4FB849646D52458 /* NetworkMonitor.swift in Sources */,
				F3C2BB7BAAC6F69B8530607E /* NotificationManager.swift in Sources */,
				3FE5E493BD7E9B0C8160E7F8 /* ServerDiscoveryManager.swift in Sources */,
				359D2E5A6ADFDFA64193D5E8 /* SettingsView.swift in Sources */,
				9DBDDD0A4BA024F7EB218507 /* SyncEngine.swift in Sources */,
			);
			runOnlyForDeploymentPostprocessing = 0;
		};
/* End PBXSourcesBuildPhase section */

/* Begin XCBuildConfiguration section */
		D3427A73FFDE3799D6C1E886 /* Release */ = {
			isa = XCBuildConfiguration;
			buildSettings = {
				ALWAYS_SEARCH_USER_PATHS = NO;
				CLANG_ANALYZER_NONNULL = YES;
				CLANG_ANALYZER_NUMBER_OBJECT_CONVERSION = YES_AGGRESSIVE;
				CLANG_CXX_LANGUAGE_STANDARD = "gnu++14";
				CLANG_CXX_LIBRARY = "libc++";
				CLANG_ENABLE_MODULES = YES;
				CLANG_ENABLE_OBJC_ARC = YES;
				CLANG_ENABLE_OBJC_WEAK = YES;
				CLANG_WARN_BLOCK_CAPTURE_AUTORELEASING = YES;
				CLANG_WARN_BOOL_CONVERSION = YES;
				CLANG_WARN_COMMA = YES;
				CLANG_WARN_CONSTANT_CONVERSION = YES;
				CLANG_WARN_DEPRECATED_OBJC_IMPLEMENTATIONS = YES;
				CLANG_WARN_DIRECT_OBJC_ISA_USAGE = YES_ERROR;
				CLANG_WARN_DOCUMENTATION_COMMENTS = YES;
				CLANG_WARN_EMPTY_BODY = YES;
				CLANG_WARN_ENUM_CONVERSION = YES;
				CLANG_WARN_INFINITE_RECURSION = YES;
				CLANG_WARN_INT_CONVERSION = YES;
				CLANG_WARN_NON_LITERAL_NULL_CONVERSION = YES;
				CLANG_WARN_OBJC_IMPLICIT_RETAIN_SELF = YES;
				CLANG_WARN_OBJC_LITERAL_CONVERSION = YES;
				CLANG_WARN_OBJC_ROOT_CLASS = YES_ERROR;
				CLANG_WARN_QUOTED_INCLUDE_IN_FRAMEWORK_HEADER = YES;
				CLANG_WARN_RANGE_LOOP_ANALYSIS = YES;
				CLANG_WARN_STRICT_PROTOTYPES = YES;
				CLANG_WARN_SUSPICIOUS_MOVE = YES;
				CLANG_WARN_UNGUARDED_AVAILABILITY = YES_AGGRESSIVE;
				CLANG_WARN_UNREACHABLE_CODE = YES;
				CLANG_WARN__DUPLICATE_METHOD_MATCH = YES;
				COPY_PHASE_STRIP = NO;
				DEBUG_INFORMATION_FORMAT = "dwarf-with-dsym";
				ENABLE_NS_ASSERTIONS = NO;
				ENABLE_STRICT_OBJC_MSGSEND = YES;
				GCC_C_LANGUAGE_STANDARD = gnu11;
				GCC_NO_COMMON_BLOCKS = YES;
				GCC_WARN_64_TO_32_BIT_CONVERSION = YES;
				GCC_WARN_ABOUT_RETURN_TYPE = YES_ERROR;
				GCC_WARN_UNDECLARED_SELECTOR = YES;
				GCC_WARN_UNINITIALIZED_AUTOS = YES_AGGRESSIVE;
				GCC_WARN_UNUSED_FUNCTION = YES;
				GCC_WARN_UNUSED_VARIABLE = YES;
				MTL_ENABLE_DEBUG_INFO = NO;
				MTL_FAST_MATH = YES;
				PRODUCT_NAME = "$(TARGET_NAME)";
				SDKROOT = iphoneos;
				SWIFT_COMPILATION_MODE = wholemodule;
				SWIFT_OPTIMIZATION_LEVEL = "-O";
				SWIFT_VERSION = 5.0;
			};
			name = Release;
		};
		D52E89A364114EC40D160340 /* Debug */ = {
			isa = XCBuildConfiguration;
			buildSettings = {
				ALWAYS_SEARCH_USER_PATHS = NO;
				CLANG_ANALYZER_NONNULL = YES;
				CLANG_ANALYZER_NUMBER_OBJECT_CONVERSION = YES_AGGRESSIVE;
				CLANG_CXX_LANGUAGE_STANDARD = "gnu++14";
				CLANG_CXX_LIBRARY = "libc++";
				CLANG_ENABLE_MODULES = YES;
				CLANG_ENABLE_OBJC_ARC = YES;
				CLANG_ENABLE_OBJC_WEAK = YES;
				CLANG_WARN_BLOCK_CAPTURE_AUTORELEASING = YES;
				CLANG_WARN_BOOL_CONVERSION = YES;
				CLANG_WARN_COMMA = YES;
				CLANG_WARN_CONSTANT_CONVERSION = YES;
				CLANG_WARN_DEPRECATED_OBJC_IMPLEMENTATIONS = YES;
				CLANG_WARN_DIRECT_OBJC_ISA_USAGE = YES_ERROR;
				CLANG_WARN_DOCUMENTATION_COMMENTS = YES;
				CLANG_WARN_EMPTY_BODY = YES;
				CLANG_WARN_ENUM_CONVERSION = YES;
				CLANG_WARN_INFINITE_RECURSION = YES;
				CLANG_WARN_INT_CONVERSION = YES;
				CLANG_WARN_NON_LITERAL_NULL_CONVERSION = YES;
				CLANG_WARN_OBJC_IMPLICIT_RETAIN_SELF = YES;
				CLANG_WARN_OBJC_LITERAL_CONVERSION = YES;
				CLANG_WARN_OBJC_ROOT_CLASS = YES_ERROR;
				CLANG_WARN_QUOTED_INCLUDE_IN_FRAMEWORK_HEADER = YES;
				CLANG_WARN_RANGE_LOOP_ANALYSIS = YES;
				CLANG_WARN_STRICT_PROTOTYPES = YES;
				CLANG_WARN_SUSPICIOUS_MOVE = YES;
				CLANG_WARN_UNGUARDED_AVAILABILITY = YES_AGGRESSIVE;
				CLANG_WARN_UNREACHABLE_CODE = YES;
				CLANG_WARN__DUPLICATE_METHOD_MATCH = YES;
				COPY_PHASE_STRIP = NO;
				DEBUG_INFORMATION_FORMAT = dwarf;
				ENABLE_STRICT_OBJC_MSGSEND = YES;
				ENABLE_TESTABILITY = YES;
				GCC_C_LANGUAGE_STANDARD = gnu11;
				GCC_DYNAMIC_NO_PIC = NO;
				GCC_NO_COMMON_BLOCKS = YES;
				GCC_OPTIMIZATION_LEVEL = 0;
				GCC_PREPROCESSOR_DEFINITIONS = (
					"$(inherited)",
					"DEBUG=1",
				);
				GCC_WARN_64_TO_32_BIT_CONVERSION = YES;
				GCC_WARN_ABOUT_RETURN_TYPE = YES_ERROR;
				GCC_WARN_UNDECLARED_SELECTOR = YES;
				GCC_WARN_UNINITIALIZED_AUTOS = YES_AGGRESSIVE;
				GCC_WARN_UNUSED_FUNCTION = YES;
				GCC_WARN_UNUSED_VARIABLE = YES;
				MTL_ENABLE_DEBUG_INFO = INCLUDE_SOURCE;
				MTL_FAST_MATH = YES;
				ONLY_ACTIVE_ARCH = YES;
				PRODUCT_NAME = "$(TARGET_NAME)";
				SDKROOT = iphoneos;
				SWIFT_ACTIVE_COMPILATION_CONDITIONS = DEBUG;
				SWIFT_OPTIMIZATION_LEVEL = "-Onone";
				SWIFT_VERSION = 5.0;
			};
			name = Debug;
		};
		E32BB700482DA861B91BBACA /* Debug */ = {
			isa = XCBuildConfiguration;
			buildSettings = {
				ASSETCATALOG_COMPILER_APPICON_NAME = AppIcon;
				CODE_SIGN_ENTITLEMENTS = DataDonor.entitlements;
				CODE_SIGN_IDENTITY = "iPhone Developer";
				DEVELOPMENT_TEAM = RUD2L7H988;
				INFOPLIST_FILE = Info.plist;
				IPHONEOS_DEPLOYMENT_TARGET = 16.0;
				LD_RUNPATH_SEARCH_PATHS = (
					"$(inherited)",
					"@executable_path/Frameworks",
				);
				PRODUCT_BUNDLE_IDENTIFIER = la.tsel.DataDonor;
				SDKROOT = iphoneos;
				TARGETED_DEVICE_FAMILY = "1,2";
			};
			name = Debug;
		};
		F643FDDC86E19C0055A65EF2 /* Release */ = {
			isa = XCBuildConfiguration;
			buildSettings = {
				ASSETCATALOG_COMPILER_APPICON_NAME = AppIcon;
				CODE_SIGN_ENTITLEMENTS = DataDonor.entitlements;
				CODE_SIGN_IDENTITY = "iPhone Developer";
				DEVELOPMENT_TEAM = RUD2L7H988;
				INFOPLIST_FILE = Info.plist;
				IPHONEOS_DEPLOYMENT_TARGET = 16.0;
				LD_RUNPATH_SEARCH_PATHS = (
					"$(inherited)",
					"@executable_path/Frameworks",
				);
				PRODUCT_BUNDLE_IDENTIFIER = la.tsel.DataDonor;
				SDKROOT = iphoneos;
				TARGETED_DEVICE_FAMILY = "1,2";
			};
			name = Release;
		};
/* End XCBuildConfiguration section */

/* Begin XCConfigurationList section */
		611A50F095EC4175C3DD74EB /* Build configuration list for PBXProject "DataDonor" */ = {
			isa = XCConfigurationList;
			buildConfigurations = (
				D52E89A364114EC40D160340 /* Debug */,
				D3427A73FFDE3799D6C1E886 /* Release */,
			);
			defaultConfigurationIsVisible = 0;
			defaultConfigurationName = Debug;
		};
		D4D502DE67C703ECC3CA9408 /* Build configuration list for PBXNativeTarget "DataDonor" */ = {
			isa = XCConfigurationList;
			buildConfigurations = (
				E32BB700482DA861B91BBACA /* Debug */,
				F643FDDC86E19C0055A65EF2 /* Release */,
			);
			defaultConfigurationIsVisible = 0;
			defaultConfigurationName = Debug;
		};
/* End XCConfigurationList section */
	};
	rootObject = BECACFD0E0DD83A149CCAFFB /* Project object */;
}
